Microsoft Visual Studio Solution File, Format Version 12.00
# Visual Studio 14
VisualStudioVersion = 14.0.25420.1
MinimumVisualStudioVersion = 10.0.40219.1
Project("{FAE04EC0-301F-11D3-BF4B-00C04F79EFBC}") = "Castle.Services.Security.Tests", "Castle.Services.Security.Tests\Castle.Services.Security.Tests.csproj", "{5A35DDAE-15E8-443E-8FB9-54B801583705}"
EndProject
Project("{FAE04EC0-301F-11D3-BF4B-00C04F79EFBC}") = "Castle.Services.Security", "Castle.Services.Security\Castle.Services.Security.csproj", "{2C1055D7-FD24-4393-9C18-B90FF92EEF6C}"
EndProject
Global
	GlobalSection(SolutionConfigurationPlatforms) = preSolution
		Debug|Any CPU = Debug|Any CPU
		Release|Any CPU = Release|Any CPU
	EndGlobalSection
	GlobalSection(ProjectConfigurationPlatforms) = postSolution
		{5A35DDAE-15E8-443E-8FB9-54B801583705}.Debug|Any CPU.ActiveCfg = Debug|Any CPU
		{5A35DDAE-15E8-443E-8FB9-54B801583705}.Debug|Any CPU.Build.0 = Debug|Any CPU
		{5A35DDAE-15E8-443E-8FB9-54B801583705}.Release|Any CPU.ActiveCfg = Release|Any CPU
		{5A35DDAE-15E8-443E-8FB9-54B801583705}.Release|Any CPU.Build.0 = Release|Any CPU
		{2C1055D7-FD24-4393-9C18-B90FF92EEF6C}.Debug|Any CPU.ActiveCfg = Debug|Any CPU
		{2C1055D7-FD24-4393-9C18-B90FF92EEF6C}.Debug|Any CPU.Build.0 = Debug|Any CPU
		{2C1055D7-FD24-4393-9C18-B90FF92EEF6C}.Release|Any CPU.ActiveCfg = Release|Any CPU
		{2C1055D7-FD24-4393-9C18-B90FF92EEF6C}.Release|Any CPU.Build.0 = Release|Any CPU
	EndGlobalSection
	GlobalSection(SolutionProperties) = preSolution
		HideSolutionNode = FALSE
	EndGlobalSection
EndGlobal
